
Microsoft Visual Studio Solution File, Format Version 12.00
# Visual Studio Version 17
VisualStudioVersion = 17.14.36511.14 d17.14
MinimumVisualStudioVersion = 10.0.40219.1
Project("{8BC9CEB8-8B4A-11D0-8D11-00A0C91BC942}") = "MT3_00_03", "MT3_00_03\MT3_00_03.vcxproj", "{331819B3-97C7-43E7-AF3D-7ABBBC65BC86}"
EndProject
Global
	GlobalSection(SolutionConfigurationPlatforms) = preSolution
		Debug|x64 = Debug|x64
		Release|x64 = Release|x64
	EndGlobalSection
	GlobalSection(ProjectConfigurationPlatforms) = postSolution
		{331819B3-97C7-43E7-AF3D-7ABBBC65BC86}.Debug|x64.ActiveCfg = Debug|x64
		{331819B3-97C7-43E7-AF3D-7ABBBC65BC86}.Debug|x64.Build.0 = Debug|x64
		{331819B3-97C7-43E7-AF3D-7ABBBC65BC86}.Release|x64.ActiveCfg = Release|x64
		{331819B3-97C7-43E7-AF3D-7ABBBC65BC86}.Release|x64.Build.0 = Release|x64
	EndGlobalSection
	GlobalSection(SolutionProperties) = preSolution
		HideSolutionNode = FALSE
	EndGlobalSection
	GlobalSection(ExtensibilityGlobals) = postSolution
		SolutionGuid = {D2396D3E-1610-4C61-B87D-242DBDDDD902}
	EndGlobalSection
EndGlobal
